
Microsoft Visual Studio Solution File, Format Version 10.00
# Visual Studio 2008
Project("{FAE04EC0-301F-11D3-BF4B-00C04F79EFBC}") = "Nemo.GUI", "Nemo.GUI.csproj", "{BE8145C2-EEBF-4DF1-A4F3-872571879AB1}"
	ProjectSection(ProjectDependencies) = postProject
		{34656042-3A3E-4563-846C-8EF4049779F4} = {34656042-3A3E-4563-846C-8EF4049779F4}
	EndProjectSection
EndProject
Project("{FAE04EC0-301F-11D3-BF4B-00C04F79EFBC}") = "Nemo.Core", "..\Core\Nemo.Core.csproj", "{34656042-3A3E-4563-846C-8EF4049779F4}"
EndProject
Global
	GlobalSection(SolutionConfigurationPlatforms) = preSolution
		Debug|Any CPU = Debug|Any CPU
		Release|Any CPU = Release|Any CPU
	EndGlobalSection
	GlobalSection(ProjectConfigurationPlatforms) = postSolution
		{BE8145C2-EEBF-4DF1-A4F3-872571879AB1}.Debug|Any CPU.ActiveCfg = Debug|Any CPU
		{BE8145C2-EEBF-4DF1-A4F3-872571879AB1}.Debug|Any CPU.Build.0 = Debug|Any CPU
		{BE8145C2-EEBF-4DF1-A4F3-872571879AB1}.Release|Any CPU.ActiveCfg = Release|Any CPU
		{BE8145C2-EEBF-4DF1-A4F3-872571879AB1}.Release|Any CPU.Build.0 = Release|Any CPU
		{34656042-3A3E-4563-846C-8EF4049779F4}.Debug|Any CPU.ActiveCfg = Debug|Any CPU
		{34656042-3A3E-4563-846C-8EF4049779F4}.Debug|Any CPU.Build.0 = Debug|Any CPU
		{34656042-3A3E-4563-846C-8EF4049779F4}.Release|Any CPU.ActiveCfg = Release|Any CPU
		{34656042-3A3E-4563-846C-8EF4049779F4}.Release|Any CPU.Build.0 = Release|Any CPU
	EndGlobalSection
	GlobalSection(SolutionProperties) = preSolution
		HideSolutionNode = FALSE
	EndGlobalSection
	GlobalSection(TeamFoundationVersionControl) = preSolution
		SccNumberOfProjects = 1
		SccEnterpriseProvider = {4CA58AB2-18FA-4F8D-95D4-32DDF27D184C}
		SccTeamFoundationServer = http://tfs:8080/
		SccProjectUniqueName0 = IPExplorerClient.csproj
		SccProjectName0 = .
		SccAuxPath0 = http://tfs:8080
		SccLocalPath0 = .
		SccProvider0 = {4CA58AB2-18FA-4F8D-95D4-32DDF27D184C}
	EndGlobalSection
EndGlobal
